
Microsoft Visual Studio Solution File, Format Version 12.00
# Visual Studio Version 17
VisualStudioVersion = 17.14.36518.9 d17.14
MinimumVisualStudioVersion = 10.0.40219.1
Project("{FAE04EC0-301F-11D3-BF4B-00C04F79EFBC}") = "El segundo mas alto", "El segundo mas alto\El segundo mas alto.csproj", "{3F147120-C29D-4E6F-8D52-45B9E5594DD5}"
EndProject
Global
	GlobalSection(SolutionConfigurationPlatforms) = preSolution
		Debug|Any CPU = Debug|Any CPU
		Release|Any CPU = Release|Any CPU
	EndGlobalSection
	GlobalSection(ProjectConfigurationPlatforms) = postSolution
		{3F147120-C29D-4E6F-8D52-45B9E5594DD5}.Debug|Any CPU.ActiveCfg = Debug|Any CPU
		{3F147120-C29D-4E6F-8D52-45B9E5594DD5}.Debug|Any CPU.Build.0 = Debug|Any CPU
		{3F147120-C29D-4E6F-8D52-45B9E5594DD5}.Release|Any CPU.ActiveCfg = Release|Any CPU
		{3F147120-C29D-4E6F-8D52-45B9E5594DD5}.Release|Any CPU.Build.0 = Release|Any CPU
	EndGlobalSection
	GlobalSection(SolutionProperties) = preSolution
		HideSolutionNode = FALSE
	EndGlobalSection
	GlobalSection(ExtensibilityGlobals) = postSolution
		SolutionGuid = {E3ACECD6-C680-4726-AF07-314C4165E483}
	EndGlobalSection
EndGlobal
